// !$*UTF8*$!
{
	archiveVersion = 1;
	classes = {
	};
	objectVersion = 50;
	objects = {

/* Begin PBXBuildFile section */
		3BA17F1D20BDF36A00608BBB /* AppDelegate.swift in Sources */ = {isa = PBXBuildFile; fileRef = 3BA17F1C20BDF36A00608BBB /* AppDelegate.swift */; };
		3BA17F2220BDF36A00608BBB /* Main.storyboard in Resources */ = {isa = PBXBuildFile; fileRef = 3BA17F2020BDF36A00608BBB /* Main.storyboard */; };
		3BA17F2420BDF36B00608BBB /* Assets.xcassets in Resources */ = {isa = PBXBuildFile; fileRef = 3BA17F2320BDF36B00608BBB /* Assets.xcassets */; };
		3BA17F2720BDF36B00608BBB /* LaunchScreen.storyboard in Resources */ = {isa = PBXBuildFile; fileRef = 3BA17F2520BDF36B00608BBB /* LaunchScreen.storyboard */; };
		3BA17F3020BDF4FD00608BBB /* EmojiArtViewController.swift in Sources */ = {isa = PBXBuildFile; fileRef = 3BA17F2F20BDF4FD00608BBB /* EmojiArtViewController.swift */; };
		3BA17F3220BDF57D00608BBB /* EmojiArtView.swift in Sources */ = {isa = PBXBuildFile; fileRef = 3BA17F3120BDF57D00608BBB /* EmojiArtView.swift */; };
		3BA17F3420BDF9B500608BBB /* Utilities.swift in Sources */ = {isa = PBXBuildFile; fileRef = 3BA17F3320BDF9B500608BBB /* Utilities.swift */; };
		3BA17F3620BE091600608BBB /* EmojiArtDocumentTableViewController.swift in Sources */ = {isa = PBXBuildFile; fileRef = 3BA17F3520BE091600608BBB /* EmojiArtDocumentTableViewController.swift */; };
		3BA17F3820BEE52D00608BBB /* EmojiCollectionViewCell.swift in Sources */ = {isa = PBXBuildFile; fileRef = 3BA17F3720BEE52D00608BBB /* EmojiCollectionViewCell.swift */; };
		3BA17F3A20BEFD2300608BBB /* EmojiArtView+Gestures.swift in Sources */ = {isa = PBXBuildFile; fileRef = 3BA17F3920BEFD2300608BBB /* EmojiArtView+Gestures.swift */; };
		3BA17F3C20BF0E0400608BBB /* TextFieldCollectionViewCell.swift in Sources */ = {isa = PBXBuildFile; fileRef = 3BA17F3B20BF0E0400608BBB /* TextFieldCollectionViewCell.swift */; };
		3BA17F3E20C0338B00608BBB /* EmojiArt.swift in Sources */ = {isa = PBXBuildFile; fileRef = 3BA17F3D20C0338B00608BBB /* EmojiArt.swift */; };
/* End PBXBuildFile section */

/* Begin PBXFileReference section */
		3BA17F1920BDF36A00608BBB /* EmojiArt.app */ = {isa = PBXFileReference; explicitFileType = wrapper.application; includeInIndex = 0; path = EmojiArt.app; sourceTree = BUILT_PRODUCTS_DIR; };
		3BA17F1C20BDF36A00608BBB /* AppDelegate.swift */ = {isa = PBXFileReference; lastKnownFileType = sourcecode.swift; path = AppDelegate.swift; sourceTree = "<group>"; };
		3BA17F2120BDF36A00608BBB /* Base */ = {isa = PBXFileReference; lastKnownFileType = file.storyboard; name = Base; path = Base.lproj/Main.storyboard; sourceTree = "<group>"; };
		3BA17F2320BDF36B00608BBB /* Assets.xcassets */ = {isa = PBXFileReference; lastKnownFileType = folder.assetcatalog; path = Assets.xcassets; sourceTree = "<group>"; };
		3BA17F2620BDF36B00608BBB /* Base */ = {isa = PBXFileReference; lastKnownFileType = file.storyboard; name = Base; path = Base.lproj/LaunchScreen.storyboard; sourceTree = "<group>"; };
		3BA17F2820BDF36B00608BBB /* Info.plist */ = {isa = PBXFileReference; lastKnownFileType = text.plist.xml; path = Info.plist; sourceTree = "<group>"; };
		3BA17F2F20BDF4FD00608BBB /* EmojiArtViewController.swift */ = {isa = PBXFileReference; lastKnownFileType = sourcecode.swift; path = EmojiArtViewController.swift; sourceTree = "<group>"; };
		3BA17F3120BDF57D00608BBB /* EmojiArtView.swift */ = {isa = PBXFileReference; lastKnownFileType = sourcecode.swift; path = EmojiArtView.swift; sourceTree = "<group>"; };
		3BA17F3320BDF9B500608BBB /* Utilities.swift */ = {isa = PBXFileReference; lastKnownFileType = sourcecode.swift; path = Utilities.swift; sourceTree = "<group>"; };
		3BA17F3520BE091600608BBB /* EmojiArtDocumentTableViewController.swift */ = {isa = PBXFileReference; lastKnownFileType = sourcecode.swift; path = EmojiArtDocumentTableViewController.swift; sourceTree = "<group>"; };
		3BA17F3720BEE52D00608BBB /* EmojiCollectionViewCell.swift */ = {isa = PBXFileReference; lastKnownFileType = sourcecode.swift; path = EmojiCollectionViewCell.swift; sourceTree = "<group>"; };
		3BA17F3920BEFD2300608BBB /* EmojiArtView+Gestures.swift */ = {isa = PBXFileReference; lastKnownFileType = sourcecode.swift; path = "EmojiArtView+Gestures.swift"; sourceTree = "<group>"; };
		3BA17F3B20BF0E0400608BBB /* TextFieldCollectionViewCell.swift */ = {isa = PBXFileReference; lastKnownFileType = sourcecode.swift; path = TextFieldCollectionViewCell.swift; sourceTree = "<group>"; };
		3BA17F3D20C0338B00608BBB /* EmojiArt.swift */ = {isa = PBXFileReference; lastKnownFileType = sourcecode.swift; path = EmojiArt.swift; sourceTree = "<group>"; };
/* End PBXFileReference section */

/* Begin PBXFrameworksBuildPhase section */
		3BA17F1620BDF36A00608BBB /* Frameworks */ = {
			isa = PBXFrameworksBuildPhase;
			buildActionMask = 2147483647;
			files = (
			);
			runOnlyForDeploymentPostprocessing = 0;
		};
/* End PBXFrameworksBuildPhase section */

/* Begin PBXGroup section */
		3BA17F1020BDF36A00608BBB = {
			isa = PBXGroup;
			children = (
				3BA17F1B20BDF36A00608BBB /* EmojiArt */,
				3BA17F1A20BDF36A00608BBB /* Products */,
			);
			sourceTree = "<group>";
		};
		3BA17F1A20BDF36A00608BBB /* Products */ = {
			isa = PBXGroup;
			children = (
				3BA17F1920BDF36A00608BBB /* EmojiArt.app */,
			);
			name = Products;
			sourceTree = "<group>";
		};
		3BA17F1B20BDF36A00608BBB /* EmojiArt */ = {
			isa = PBXGroup;
			children = (
				3BA17F2E20BDF38F00608BBB /* SupportingFiles */,
				3BA17F2020BDF36A00608BBB /* Main.storyboard */,
				3BA17F2820BDF36B00608BBB /* Info.plist */,
				3BA17F2F20BDF4FD00608BBB /* EmojiArtViewController.swift */,
				3BA17F3120BDF57D00608BBB /* EmojiArtView.swift */,
				3BA17F3320BDF9B500608BBB /* Utilities.swift */,
				3BA17F3520BE091600608BBB /* EmojiArtDocumentTableViewController.swift */,
				3BA17F3720BEE52D00608BBB /* EmojiCollectionViewCell.swift */,
				3BA17F3920BEFD2300608BBB /* EmojiArtView+Gestures.swift */,
				3BA17F3B20BF0E0400608BBB /* TextFieldCollectionViewCell.swift */,
				3BA17F3D20C0338B00608BBB /* EmojiArt.swift */,
			);
			path = EmojiArt;
			sourceTree = "<group>";
		};
		3BA17F2E20BDF38F00608BBB /* SupportingFiles */ = {
			isa = PBXGroup;
			children = (
				3BA17F2520BDF36B00608BBB /* LaunchScreen.storyboard */,
				3BA17F1C20BDF36A00608BBB /* AppDelegate.swift */,
				3BA17F2320BDF36B00608BBB /* Assets.xcassets */,
			);
			path = SupportingFiles;
			sourceTree = "<group>";
		};
/* End PBXGroup section */

/* Begin PBXNativeTarget section */
		3BA17F1820BDF36A00608BBB /* EmojiArt */ = {
			isa = PBXNativeTarget;
			buildConfigurationList = 3BA17F2B20BDF36B00608BBB /* Build configuration list for PBXNativeTarget "EmojiArt" */;
			buildPhases = (
				3BA17F1520BDF36A00608BBB /* Sources */,
				3BA17F1620BDF36A00608BBB /* Frameworks */,
				3BA17F1720BDF36A00608BBB /* Resources */,
			);
			buildRules = (
			);
			dependencies = (
			);
			name = EmojiArt;
			productName = EmojiArt;
			productReference = 3BA17F1920BDF36A00608BBB /* EmojiArt.app */;
			productType = "com.apple.product-type.application";
		};
/* End PBXNativeTarget section */

/* Begin PBXProject section */
		3BA17F1120BDF36A00608BBB /* Project object */ = {
			isa = PBXProject;
			attributes = {
				LastSwiftUpdateCheck = 0930;
				LastUpgradeCheck = 0930;
				ORGANIZATIONNAME = "Sonali Patel";
				TargetAttributes = {
					3BA17F1820BDF36A00608BBB = {
						CreatedOnToolsVersion = 9.3.1;
					};
				};
			};
			buildConfigurationList = 3BA17F1420BDF36A00608BBB /* Build configuration list for PBXProject "EmojiArt" */;
			compatibilityVersion = "Xcode 9.3";
			developmentRegion = en;
			hasScannedForEncodings = 0;
			knownRegions = (
				en,
				Base,
			);
			mainGroup = 3BA17F1020BDF36A00608BBB;
			productRefGroup = 3BA17F1A20BDF36A00608BBB /* Products */;
			projectDirPath = "";
			projectRoot = "";
			targets = (
				3BA17F1820BDF36A00608BBB /* EmojiArt */,
			);
		};
/* End PBXProject section */

/* Begin PBXResourcesBuildPhase section */
		3BA17F1720BDF36A00608BBB /* Resources */ = {
			isa = PBXResourcesBuildPhase;
			buildActionMask = 2147483647;
			files = (
				3BA17F2720BDF36B00608BBB /* LaunchScreen.storyboard in Resources */,
				3BA17F2420BDF36B00608BBB /* Assets.xcassets in Resources */,
				3BA17F2220BDF36A00608BBB /* Main.storyboard in Resources */,
			);
			runOnlyForDeploymentPostprocessing = 0;
		};
/* End PBXResourcesBuildPhase section */

/* Begin PBXSourcesBuildPhase section */
		3BA17F1520BDF36A00608BBB /* Sources */ = {
			isa = PBXSourcesBuildPhase;
			buildActionMask = 2147483647;
			files = (
				3BA17F3E20C0338B00608BBB /* EmojiArt.swift in Sources */,
				3BA17F1D20BDF36A00608BBB /* AppDelegate.swift in Sources */,
				3BA17F3A20BEFD2300608BBB /* EmojiArtView+Gestures.swift in Sources */,
				3BA17F3820BEE52D00608BBB /* EmojiCollectionViewCell.swift in Sources */,
				3BA17F3020BDF4FD00608BBB /* EmojiArtViewController.swift in Sources */,
				3BA17F3C20BF0E0400608BBB /* TextFieldCollectionViewCell.swift in Sources */,
				3BA17F3420BDF9B500608BBB /* Utilities.swift in Sources */,
				3BA17F3620BE091600608BBB /* EmojiArtDocumentTableViewController.swift in Sources */,
				3BA17F3220BDF57D00608BBB /* EmojiArtView.swift in Sources */,
			);
			runOnlyForDeploymentPostprocessing = 0;
		};
/* End PBXSourcesBuildPhase section */

/* Begin PBXVariantGroup section */
		3BA17F2020BDF36A00608BBB /* Main.storyboard */ = {
			isa = PBXVariantGroup;
			children = (
				3BA17F2120BDF36A00608BBB /* Base */,
			);
			name = Main.storyboard;
			sourceTree = "<group>";
		};
		3BA17F2520BDF36B00608BBB /* LaunchScreen.storyboard */ = {
			isa = PBXVariantGroup;
			children = (
				3BA17F2620BDF36B00608BBB /* Base */,
			);
			name = LaunchScreen.storyboard;
			sourceTree = "<group>";
		};
/* End PBXVariantGroup section */

/* Begin XCBuildConfiguration section */
		3BA17F2920BDF36B00608BBB /* Debug */ = {
			isa = XCBuildConfiguration;
			buildSettings = {
				ALWAYS_SEARCH_USER_PATHS = NO;
				CLANG_ANALYZER_NONNULL = YES;
				CLANG_ANALYZER_NUMBER_OBJECT_CONVERSION = YES_AGGRESSIVE;
				CLANG_CXX_LANGUAGE_STANDARD = "gnu++14";
				CLANG_CXX_LIBRARY = "libc++";
				CLANG_ENABLE_MODULES = YES;
				CLANG_ENABLE_OBJC_ARC = YES;
				CLANG_ENABLE_OBJC_WEAK = YES;
				CLANG_WARN_BLOCK_CAPTURE_AUTORELEASING = YES;
				CLANG_WARN_BOOL_CONVERSION = YES;
				CLANG_WARN_COMMA = YES;
				CLANG_WARN_CONSTANT_CONVERSION = YES;
				CLANG_WARN_DEPRECATED_OBJC_IMPLEMENTATIONS = YES;
				CLANG_WARN_DIRECT_OBJC_ISA_USAGE = YES_ERROR;
				CLANG_WARN_DOCUMENTATION_COMMENTS = YES;
				CLANG_WARN_EMPTY_BODY = YES;
				CLANG_WARN_ENUM_CONVERSION = YES;
				CLANG_WARN_INFINITE_RECURSION = YES;
				CLANG_WARN_INT_CONVERSION = YES;
				CLANG_WARN_NON_LITERAL_NULL_CONVERSION = YES;
				CLANG_WARN_OBJC_IMPLICIT_RETAIN_SELF = YES;
				CLANG_WARN_OBJC_LITERAL_CONVERSION = YES;
				CLANG_WARN_OBJC_ROOT_CLASS = YES_ERROR;
				CLANG_WARN_RANGE_LOOP_ANALYSIS = YES;
				CLANG_WARN_STRICT_PROTOTYPES = YES;
				CLANG_WARN_SUSPICIOUS_MOVE = YES;
				CLANG_WARN_UNGUARDED_AVAILABILITY = YES_AGGRESSIVE;
				CLANG_WARN_UNREACHABLE_CODE = YES;
				CLANG_WARN__DUPLICATE_METHOD_MATCH = YES;
				CODE_SIGN_IDENTITY = "iPhone Developer";
				COPY_PHASE_STRIP = NO;
				DEBUG_INFORMATION_FORMAT = dwarf;
				ENABLE_STRICT_OBJC_MSGSEND = YES;
				ENABLE_TESTABILITY = YES;
				GCC_C_LANGUAGE_STANDARD = gnu11;
				GCC_DYNAMIC_NO_PIC = NO;
				GCC_NO_COMMON_BLOCKS = YES;
				GCC_OPTIMIZATION_LEVEL = 0;
				GCC_PREPROCESSOR_DEFINITIONS = (
					"DEBUG=1",
					"$(inherited)",
				);
				GCC_WARN_64_TO_32_BIT_CONVERSION = YES;
				GCC_WARN_ABOUT_RETURN_TYPE = YES_ERROR;
				GCC_WARN_UNDECLARED_SELECTOR = YES;
				GCC_WARN_UNINITIALIZED_AUTOS = YES_AGGRESSIVE;
				GCC_WARN_UNUSED_FUNCTION = YES;
				GCC_WARN_UNUSED_VARIABLE = YES;
				IPHONEOS_DEPLOYMENT_TARGET = 11.3;
				MTL_ENABLE_DEBUG_INFO = YES;
				ONLY_ACTIVE_ARCH = YES;
				SDKROOT = iphoneos;
				SWIFT_ACTIVE_COMPILATION_CONDITIONS = DEBUG;
				SWIFT_OPTIMIZATION_LEVEL = "-Onone";
			};
			name = Debug;
		};
		3BA17F2A20BDF36B00608BBB /* Release */ = {
			isa = XCBuildConfiguration;
			buildSettings = {
				ALWAYS_SEARCH_USER_PATHS = NO;
				CLANG_ANALYZER_NONNULL = YES;
				CLANG_ANALYZER_NUMBER_OBJECT_CONVERSION = YES_AGGRESSIVE;
				CLANG_CXX_LANGUAGE_STANDARD = "gnu++14";
				CLANG_CXX_LIBRARY = "libc++";
				CLANG_ENABLE_MODULES = YES;
				CLANG_ENABLE_OBJC_ARC = YES;
				CLANG_ENABLE_OBJC_WEAK = YES;
				CLANG_WARN_BLOCK_CAPTURE_AUTORELEASING = YES;
				CLANG_WARN_BOOL_CONVERSION = YES;
				CLANG_WARN_COMMA = YES;
				CLANG_WARN_CONSTANT_CONVERSION = YES;
				CLANG_WARN_DEPRECATED_OBJC_IMPLEMENTATIONS = YES;
				CLANG_WARN_DIRECT_OBJC_ISA_USAGE = YES_ERROR;
				CLANG_WARN_DOCUMENTATION_COMMENTS = YES;
				CLANG_WARN_EMPTY_BODY = YES;
				CLANG_WARN_ENUM_CONVERSION = YES;
				CLANG_WARN_INFINITE_RECURSION = YES;
				CLANG_WARN_INT_CONVERSION = YES;
				CLANG_WARN_NON_LITERAL_NULL_CONVERSION = YES;
				CLANG_WARN_OBJC_IMPLICIT_RETAIN_SELF = YES;
				CLANG_WARN_OBJC_LITERAL_CONVERSION = YES;
				CLANG_WARN_OBJC_ROOT_CLASS = YES_ERROR;
				CLANG_WARN_RANGE_LOOP_ANALYSIS = YES;
				CLANG_WARN_STRICT_PROTOTYPES = YES;
				CLANG_WARN_SUSPICIOUS_MOVE = YES;
				CLANG_WARN_UNGUARDED_AVAILABILITY = YES_AGGRESSIVE;
				CLANG_WARN_UNREACHABLE_CODE = YES;
				CLANG_WARN__DUPLICATE_METHOD_MATCH = YES;
				CODE_SIGN_IDENTITY = "iPhone Developer";
				COPY_PHASE_STRIP = NO;
				DEBUG_INFORMATION_FORMAT = "dwarf-with-dsym";
				ENABLE_NS_ASSERTIONS = NO;
				ENABLE_STRICT_OBJC_MSGSEND = YES;
				GCC_C_LANGUAGE_STANDARD = gnu11;
				GCC_NO_COMMON_BLOCKS = YES;
				GCC_WARN_64_TO_32_BIT_CONVERSION = YES;
				GCC_WARN_ABOUT_RETURN_TYPE = YES_ERROR;
				GCC_WARN_UNDECLARED_SELECTOR = YES;
				GCC_WARN_UNINITIALIZED_AUTOS = YES_AGGRESSIVE;
				GCC_WARN_UNUSED_FUNCTION = YES;
				GCC_WARN_UNUSED_VARIABLE = YES;
				IPHONEOS_DEPLOYMENT_TARGET = 11.3;
				MTL_ENABLE_DEBUG_INFO = NO;
				SDKROOT = iphoneos;
				SWIFT_COMPILATION_MODE = wholemodule;
				SWIFT_OPTIMIZATION_LEVEL = "-O";
				VALIDATE_PRODUCT = YES;
			};
			name = Release;
		};
		3BA17F2C20BDF36B00608BBB /* Debug */ = {
			isa = XCBuildConfiguration;
			buildSettings = {
				ASSETCATALOG_COMPILER_APPICON_NAME = AppIcon;
				CODE_SIGN_STYLE = Automatic;
				DEVELOPMENT_TEAM = 9TAUJ4K4VL;
				INFOPLIST_FILE = EmojiArt/Info.plist;
				IPHONEOS_DEPLOYMENT_TARGET = 11.0;
				LD_RUNPATH_SEARCH_PATHS = (
					"$(inherited)",
					"@executable_path/Frameworks",
				);
				PRODUCT_BUNDLE_IDENTIFIER = edu.self.developer.sonali.EmojiArt;
				PRODUCT_NAME = "$(TARGET_NAME)";
				SWIFT_VERSION = 4.0;
				TARGETED_DEVICE_FAMILY = "1,2";
			};
			name = Debug;
		};
		3BA17F2D20BDF36B00608BBB /* Release */ = {
			isa = XCBuildConfiguration;
			buildSettings = {
				ASSETCATALOG_COMPILER_APPICON_NAME = AppIcon;
				CODE_SIGN_STYLE = Automatic;
				DEVELOPMENT_TEAM = 9TAUJ4K4VL;
				INFOPLIST_FILE = EmojiArt/Info.plist;
				IPHONEOS_DEPLOYMENT_TARGET = 11.0;
				LD_RUNPATH_SEARCH_PATHS = (
					"$(inherited)",
					"@executable_path/Frameworks",
				);
				PRODUCT_BUNDLE_IDENTIFIER = edu.self.developer.sonali.EmojiArt;
				PRODUCT_NAME = "$(TARGET_NAME)";
				SWIFT_VERSION = 4.0;
				TARGETED_DEVICE_FAMILY = "1,2";
			};
			name = Release;
		};
/* End XCBuildConfiguration section */

/* Begin XCConfigurationList section */
		3BA17F1420BDF36A00608BBB /* Build configuration list for PBXProject "EmojiArt" */ = {
			isa = XCConfigurationList;
			buildConfigurations = (
				3BA17F2920BDF36B00608BBB /* Debug */,
				3BA17F2A20BDF36B00608BBB /* Release */,
			);
			defaultConfigurationIsVisible = 0;
			defaultConfigurationName = Release;
		};
		3BA17F2B20BDF36B00608BBB /* Build configuration list for PBXNativeTarget "EmojiArt" */ = {
			isa = XCConfigurationList;
			buildConfigurations = (
				3BA17F2C20BDF36B00608BBB /* Debug */,
				3BA17F2D20BDF36B00608BBB /* Release */,
			);
			defaultConfigurationIsVisible = 0;
			defaultConfigurationName = Release;
		};
/* End XCConfigurationList section */
	};
	rootObject = 3BA17F1120BDF36A00608BBB /* Project object */;
}
